Microsoft Visual Studio Solution File, Format Version 11.00
# Visual Studio 2008

Project("{AE867BE1-302A-4D86-ED8E-1BE8D468965D}") = "VerticalSlice", "Assembly-CSharp.csproj", "{234AD33E-5908-E55D-DE7E-5FD593DA7C14}"
EndProject
Global
	GlobalSection(SolutionConfigurationPlatforms) = preSolution
		Debug|Any CPU = Debug|Any CPU
		Release|Any CPU = Release|Any CPU
	EndGlobalSection
	GlobalSection(ProjectConfigurationPlatforms) = postSolution
		{234AD33E-5908-E55D-DE7E-5FD593DA7C14}.Debug|Any CPU.ActiveCfg = Debug|Any CPU
		{234AD33E-5908-E55D-DE7E-5FD593DA7C14}.Debug|Any CPU.Build.0 = Debug|Any CPU
		{234AD33E-5908-E55D-DE7E-5FD593DA7C14}.Release|Any CPU.ActiveCfg = Release|Any CPU
		{234AD33E-5908-E55D-DE7E-5FD593DA7C14}.Release|Any CPU.Build.0 = Release|Any CPU
	EndGlobalSection
	GlobalSection(SolutionProperties) = preSolution
		HideSolutionNode = FALSE
	EndGlobalSection
	GlobalSection(MonoDevelopProperties) = preSolution
		StartupItem = Assembly-CSharp.csproj
	EndGlobalSection
EndGlobal
